
Microsoft Visual Studio Solution File, Format Version 12.00
# Visual Studio Version 17
VisualStudioVersion = 17.0.32014.148
MinimumVisualStudioVersion = 10.0.40219.1
Project("{2150E333-8FDC-42A3-9474-1A3956D46DE8}") = "samples", "samples", "{8B467944-153B-4C90-BAB1-8F1B34C3075A}"
EndProject
Project("{2150E333-8FDC-42A3-9474-1A3956D46DE8}") = "eng", "eng", "{713DB665-E7C3-4106-A5C5-65B5046A1DC0}"
	ProjectSection(SolutionItems) = preProject
		eng\Signing.props = eng\Signing.props
		eng\Tools.props = eng\Tools.props
		eng\Version.Details.xml = eng\Version.Details.xml
	EndProjectSection
EndProject
Project("{2150E333-8FDC-42A3-9474-1A3956D46DE8}") = "root", "root", "{1DBD2338-AD2E-4DCF-B1C3-0B4E31E76585}"
	ProjectSection(SolutionItems) = preProject
		.gitattributes = .gitattributes
		.gitignore = .gitignore
		build.cmd = build.cmd
		build.sh = build.sh
		Directory.Build.props = Directory.Build.props
		Directory.Build.targets = Directory.Build.targets
		Directory.Packages.props = Directory.Packages.props
		global.json = global.json
		LICENSE.md = LICENSE.md
		NuGet.config = NuGet.config
		README.md = README.md
	EndProjectSection
EndProject
Project("{2150E333-8FDC-42A3-9474-1A3956D46DE8}") = "workflows", "workflows", "{0E148014-CB0B-4E21-A1B9-90F0BDC1530C}"
	ProjectSection(SolutionItems) = preProject
		.github\workflows\build.yml = .github\workflows\build.yml
	EndProjectSection
EndProject
Project("{2150E333-8FDC-42A3-9474-1A3956D46DE8}") = "Mimban", "Mimban", "{E61EDAE1-AFBE-4B53-9A4B-E4BE2A609C45}"
EndProject
Project("{9A19103F-16F7-4668-BE54-9A1E7A4F7556}") = "Mimban.Server", "samples\Mimban\Mimban.Server\Mimban.Server.csproj", "{A8C89A01-7B24-4636-B54F-80258F2E1455}"
EndProject
Project("{9A19103F-16F7-4668-BE54-9A1E7A4F7556}") = "Mimban.Client", "samples\Mimban\Mimban.Client\Mimban.Client.csproj", "{33DC048A-3650-4A22-8B13-415403DCA584}"
EndProject
Project("{FAE04EC0-301F-11D3-BF4B-00C04F79EFBC}") = "Mimban.WebClient", "samples\Mimban\Mimban.WebClient\Mimban.WebClient.csproj", "{66C63365-4F99-4017-9871-F3AB579A2B61}"
EndProject
Global
	GlobalSection(SolutionConfigurationPlatforms) = preSolution
		Debug|Any CPU = Debug|Any CPU
		Release|Any CPU = Release|Any CPU
	EndGlobalSection
	GlobalSection(ProjectConfigurationPlatforms) = postSolution
		{A8C89A01-7B24-4636-B54F-80258F2E1455}.Debug|Any CPU.ActiveCfg = Debug|Any CPU
		{A8C89A01-7B24-4636-B54F-80258F2E1455}.Debug|Any CPU.Build.0 = Debug|Any CPU
		{A8C89A01-7B24-4636-B54F-80258F2E1455}.Release|Any CPU.ActiveCfg = Release|Any CPU
		{A8C89A01-7B24-4636-B54F-80258F2E1455}.Release|Any CPU.Build.0 = Release|Any CPU
		{33DC048A-3650-4A22-8B13-415403DCA584}.Debug|Any CPU.ActiveCfg = Debug|Any CPU
		{33DC048A-3650-4A22-8B13-415403DCA584}.Debug|Any CPU.Build.0 = Debug|Any CPU
		{33DC048A-3650-4A22-8B13-415403DCA584}.Release|Any CPU.ActiveCfg = Release|Any CPU
		{33DC048A-3650-4A22-8B13-415403DCA584}.Release|Any CPU.Build.0 = Release|Any CPU
		{66C63365-4F99-4017-9871-F3AB579A2B61}.Debug|Any CPU.ActiveCfg = Debug|Any CPU
		{66C63365-4F99-4017-9871-F3AB579A2B61}.Debug|Any CPU.Build.0 = Debug|Any CPU
		{66C63365-4F99-4017-9871-F3AB579A2B61}.Release|Any CPU.ActiveCfg = Release|Any CPU
		{66C63365-4F99-4017-9871-F3AB579A2B61}.Release|Any CPU.Build.0 = Release|Any CPU
	EndGlobalSection
	GlobalSection(SolutionProperties) = preSolution
		HideSolutionNode = FALSE
	EndGlobalSection
	GlobalSection(NestedProjects) = preSolution
		{E61EDAE1-AFBE-4B53-9A4B-E4BE2A609C45} = {8B467944-153B-4C90-BAB1-8F1B34C3075A}
		{A8C89A01-7B24-4636-B54F-80258F2E1455} = {E61EDAE1-AFBE-4B53-9A4B-E4BE2A609C45}
		{33DC048A-3650-4A22-8B13-415403DCA584} = {E61EDAE1-AFBE-4B53-9A4B-E4BE2A609C45}
		{66C63365-4F99-4017-9871-F3AB579A2B61} = {E61EDAE1-AFBE-4B53-9A4B-E4BE2A609C45}
	EndGlobalSection
	GlobalSection(ExtensibilityGlobals) = postSolution
		SolutionGuid = {F3ECDD26-F40D-4AB4-BC48-8DF143F98FAE}
	EndGlobalSection
EndGlobal
